{
  "name": "virtual-tour",
  "version": "1.0.0",
  "lockfileVersion": 3,
  "requires": true,
  "packages": {
    "": {
      "name": "virtual-tour",
      "version": "1.0.0",
      "license": "ISC",
      "dependencies": {
        "@babylonjs/core": "^9.27.0",
        "@babylonjs/loaders": "^9.27.0"
      }
    },
    "node_modules/@babylonjs/core": {
      "version": "9.27.0",
      "resolved": "https://registry.npmjs.org/@babylonjs/core/-/core-9.27.0.tgz",
      "integrity": "sha512-6faNPzU3NrMa8J91gj4eP3yzPiq68cA5Nj5e6S/Se7Ps+a/TQAfa+dyovmxs/YC8yS8OiUSyFfFs1CQKQPTL9A==",
      "license": "Apache-2.0"
    },
    "node_modules/@babylonjs/loaders": {
      "version": "9.27.0",
      "resolved": "https://registry.npmjs.org/@babylonjs/loaders/-/loaders-9.27.0.tgz",
      "integrity": "sha512-bPqzNci9umFatHuHjIcpa6dbAHrG9BZcoSSvLkmXSAfe/TdzBos/in0DOrM9KhpWrGWIH9dB+MBHVt1heosrCQ==",
      "license": "Apache-2.0",
      "peerDependencies": {
        "@babylonjs/core": "^9.0.0",
        "babylonjs-gltf2interface": "^9.0.0"
      }
    },
    "node_modules/babylonjs-gltf2interface": {
      "version": "9.27.0",
      "resolved": "https://registry.npmjs.org/babylonjs-gltf2interface/-/babylonjs-gltf2interface-9.27.0.tgz",
      "integrity": "sha512-mm7IF1CbpFkLpSW5y56nb6IIHPL0GeEoY8bK9uuuK3cPi1ktEIitAtKOTiWrM03wA2k0S2u0YpOwOhMyTzb9bQ==",
      "license": "Apache-2.0",
      "peer": true
    }
  }
}
